// !$*UTF8*$!
{
	archiveVersion = 1;
	classes = {
	};
	objectVersion = 46;
	objects = {

/* Begin PBXBuildFile section */
		635700201DDA107C00815B4A /* AppDelegate.swift in Sources */ = {isa = PBXBuildFile; fileRef = 6357001F1DDA107C00815B4A /* AppDelegate.swift */; };
		635700221DDA107C00815B4A /* ViewController.swift in Sources */ = {isa = PBXBuildFile; fileRef = 635700211DDA107C00815B4A /* ViewController.swift */; };
		635700251DDA107C00815B4A /* Main.storyboard in Resources */ = {isa = PBXBuildFile; fileRef = 635700231DDA107C00815B4A /* Main.storyboard */; };
		635700271DDA107C00815B4A /* Assets.xcassets in Resources */ = {isa = PBXBuildFile; fileRef = 635700261DDA107C00815B4A /* Assets.xcassets */; };
		6357002A1DDA107C00815B4A /* LaunchScreen.storyboard in Resources */ = {isa = PBXBuildFile; fileRef = 635700281DDA107C00815B4A /* LaunchScreen.storyboard */; };
		635700351DDA107C00815B4A /* Pruebas_SwiftTests.swift in Sources */ = {isa = PBXBuildFile; fileRef = 635700341DDA107C00815B4A /* Pruebas_SwiftTests.swift */; };
		635700401DDA107C00815B4A /* Pruebas_SwiftUITests.swift in Sources */ = {isa = PBXBuildFile; fileRef = 6357003F1DDA107C00815B4A /* Pruebas_SwiftUITests.swift */; };
/* End PBXBuildFile section */

/* Begin PBXContainerItemProxy section */
		635700311DDA107C00815B4A /* PBXContainerItemProxy */ = {
			isa = PBXContainerItemProxy;
			containerPortal = 635700141DDA107900815B4A /* Project object */;
			proxyType = 1;
			remoteGlobalIDString = 6357001B1DDA107900815B4A;
			remoteInfo = Pruebas_Swift;
		};
		6357003C1DDA107C00815B4A /* PBXContainerItemProxy */ = {
			isa = PBXContainerItemProxy;
			containerPortal = 635700141DDA107900815B4A /* Project object */;
			proxyType = 1;
			remoteGlobalIDString = 6357001B1DDA107900815B4A;
			remoteInfo = Pruebas_Swift;
		};
/* End PBXContainerItemProxy section */

/* Begin PBXFileReference section */
		6357001C1DDA107C00815B4A /* Pruebas_Swift.app */ = {isa = PBXFileReference; explicitFileType = wrapper.application; includeInIndex = 0; path = Pruebas_Swift.app; sourceTree = BUILT_PRODUCTS_DIR; };
		6357001F1DDA107C00815B4A /* AppDelegate.swift */ = {isa = PBXFileReference; lastKnownFileType = sourcecode.swift; path = AppDelegate.swift; sourceTree = "<group>"; };
		635700211DDA107C00815B4A /* ViewController.swift */ = {isa = PBXFileReference; lastKnownFileType = sourcecode.swift; path = ViewController.swift; sourceTree = "<group>"; };
		635700241DDA107C00815B4A /* Base */ = {isa = PBXFileReference; lastKnownFileType = file.storyboard; name = Base; path = Base.lproj/Main.storyboard; sourceTree = "<group>"; };
		635700261DDA107C00815B4A /* Assets.xcassets */ = {isa = PBXFileReference; lastKnownFileType = folder.assetcatalog; path = Assets.xcassets; sourceTree = "<group>"; };
		635700291DDA107C00815B4A /* Base */ = {isa = PBXFileReference; lastKnownFileType = file.storyboard; name = Base; path = Base.lproj/LaunchScreen.storyboard; sourceTree = "<group>"; };
		6357002B1DDA107C00815B4A /* Info.plist */ = {isa = PBXFileReference; lastKnownFileType = text.plist.xml; path = Info.plist; sourceTree = "<group>"; };
		635700301DDA107C00815B4A /* Pruebas_SwiftTests.xctest */ = {isa = PBXFileReference; explicitFileType = wrapper.cfbundle; includeInIndex = 0; path = Pruebas_SwiftTests.xctest; sourceTree = BUILT_PRODUCTS_DIR; };
		635700341DDA107C00815B4A /* Pruebas_SwiftTests.swift */ = {isa = PBXFileReference; lastKnownFileType = sourcecode.swift; path = Pruebas_SwiftTests.swift; sourceTree = "<group>"; };
		635700361DDA107C00815B4A /* Info.plist */ = {isa = PBXFileReference; lastKnownFileType = text.plist.xml; path = Info.plist; sourceTree = "<group>"; };
		6357003B1DDA107C00815B4A /* Pruebas_SwiftUITests.xctest */ = {isa = PBXFileReference; explicitFileType = wrapper.cfbundle; includeInIndex = 0; path = Pruebas_SwiftUITests.xctest; sourceTree = BUILT_PRODUCTS_DIR; };
		6357003F1DDA107C00815B4A /* Pruebas_SwiftUITests.swift */ = {isa = PBXFileReference; lastKnownFileType = sourcecode.swift; path = Pruebas_SwiftUITests.swift; sourceTree = "<group>"; };
		635700411DDA107C00815B4A /* Info.plist */ = {isa = PBXFileReference; lastKnownFileType = text.plist.xml; path = Info.plist; sourceTree = "<group>"; };
/* End PBXFileReference section */

/* Begin PBXFrameworksBuildPhase section */
		635700191DDA107900815B4A /* Frameworks */ = {
			isa = PBXFrameworksBuildPhase;
			buildActionMask = 2147483647;
			files = (
			);
			runOnlyForDeploymentPostprocessing = 0;
		};
		6357002D1DDA107C00815B4A /* Frameworks */ = {
			isa = PBXFrameworksBuildPhase;
			buildActionMask = 2147483647;
			files = (
			);
			runOnlyForDeploymentPostprocessing = 0;
		};
		635700381DDA107C00815B4A /* Frameworks */ = {
			isa = PBXFrameworksBuildPhase;
			buildActionMask = 2147483647;
			files = (
			);
			runOnlyForDeploymentPostprocessing = 0;
		};
/* End PBXFrameworksBuildPhase section */

/* Begin PBXGroup section */
		635700131DDA107900815B4A = {
			isa = PBXGroup;
			children = (
				6357001E1DDA107C00815B4A /* Pruebas_Swift */,
				635700331DDA107C00815B4A /* Pruebas_SwiftTests */,
				6357003E1DDA107C00815B4A /* Pruebas_SwiftUITests */,
				6357001D1DDA107C00815B4A /* Products */,
			);
			sourceTree = "<group>";
		};
		6357001D1DDA107C00815B4A /* Products */ = {
			isa = PBXGroup;
			children = (
				6357001C1DDA107C00815B4A /* Pruebas_Swift.app */,
				635700301DDA107C00815B4A /* Pruebas_SwiftTests.xctest */,
				6357003B1DDA107C00815B4A /* Pruebas_SwiftUITests.xctest */,
			);
			name = Products;
			sourceTree = "<group>";
		};
		6357001E1DDA107C00815B4A /* Pruebas_Swift */ = {
			isa = PBXGroup;
			children = (
				6357001F1DDA107C00815B4A /* AppDelegate.swift */,
				635700211DDA107C00815B4A /* ViewController.swift */,
				635700231DDA107C00815B4A /* Main.storyboard */,
				635700261DDA107C00815B4A /* Assets.xcassets */,
				635700281DDA107C00815B4A /* LaunchScreen.storyboard */,
				6357002B1DDA107C00815B4A /* Info.plist */,
			);
			path = Pruebas_Swift;
			sourceTree = "<group>";
		};
		635700331DDA107C00815B4A /* Pruebas_SwiftTests */ = {
			isa = PBXGroup;
			children = (
				635700341DDA107C00815B4A /* Pruebas_SwiftTests.swift */,
				635700361DDA107C00815B4A /* Info.plist */,
			);
			path = Pruebas_SwiftTests;
			sourceTree = "<group>";
		};
		6357003E1DDA107C00815B4A /* Pruebas_SwiftUITests */ = {
			isa = PBXGroup;
			children = (
				6357003F1DDA107C00815B4A /* Pruebas_SwiftUITests.swift */,
				635700411DDA107C00815B4A /* Info.plist */,
			);
			path = Pruebas_SwiftUITests;
			sourceTree = "<group>";
		};
/* End PBXGroup section */

/* Begin PBXNativeTarget section */
		6357001B1DDA107900815B4A /* Pruebas_Swift */ = {
			isa = PBXNativeTarget;
			buildConfigurationList = 635700441DDA107C00815B4A /* Build configuration list for PBXNativeTarget "Pruebas_Swift" */;
			buildPhases = (
				635700181DDA107900815B4A /* Sources */,
				635700191DDA107900815B4A /* Frameworks */,
				6357001A1DDA107900815B4A /* Resources */,
			);
			buildRules = (
			);
			dependencies = (
			);
			name = Pruebas_Swift;
			productName = Pruebas_Swift;
			productReference = 6357001C1DDA107C00815B4A /* Pruebas_Swift.app */;
			productType = "com.apple.product-type.application";
		};
		6357002F1DDA107C00815B4A /* Pruebas_SwiftTests */ = {
			isa = PBXNativeTarget;
			buildConfigurationList = 635700471DDA107C00815B4A /* Build configuration list for PBXNativeTarget "Pruebas_SwiftTests" */;
			buildPhases = (
				6357002C1DDA107C00815B4A /* Sources */,
				6357002D1DDA107C00815B4A /* Frameworks */,
				6357002E1DDA107C00815B4A /* Resources */,
			);
			buildRules = (
			);
			dependencies = (
				635700321DDA107C00815B4A /* PBXTargetDependency */,
			);
			name = Pruebas_SwiftTests;
			productName = Pruebas_SwiftTests;
			productReference = 635700301DDA107C00815B4A /* Pruebas_SwiftTests.xctest */;
			productType = "com.apple.product-type.bundle.unit-test";
		};
		6357003A1DDA107C00815B4A /* Pruebas_SwiftUITests */ = {
			isa = PBXNativeTarget;
			buildConfigurationList = 6357004A1DDA107C00815B4A /* Build configuration list for PBXNativeTarget "Pruebas_SwiftUITests" */;
			buildPhases = (
				635700371DDA107C00815B4A /* Sources */,
				635700381DDA107C00815B4A /* Frameworks */,
				635700391DDA107C00815B4A /* Resources */,
			);
			buildRules = (
			);
			dependencies = (
				6357003D1DDA107C00815B4A /* PBXTargetDependency */,
			);
			name = Pruebas_SwiftUITests;
			productName = Pruebas_SwiftUITests;
			productReference = 6357003B1DDA107C00815B4A /* Pruebas_SwiftUITests.xctest */;
			productType = "com.apple.product-type.bundle.ui-testing";
		};
/* End PBXNativeTarget section */

/* Begin PBXProject section */
		635700141DDA107900815B4A /* Project object */ = {
			isa = PBXProject;
			attributes = {
				LastSwiftUpdateCheck = 0810;
				LastUpgradeCheck = 0810;
				ORGANIZATIONNAME = David;
				TargetAttributes = {
					6357001B1DDA107900815B4A = {
						CreatedOnToolsVersion = 8.1;
						ProvisioningStyle = Automatic;
					};
					6357002F1DDA107C00815B4A = {
						CreatedOnToolsVersion = 8.1;
						ProvisioningStyle = Automatic;
						TestTargetID = 6357001B1DDA107900815B4A;
					};
					6357003A1DDA107C00815B4A = {
						CreatedOnToolsVersion = 8.1;
						ProvisioningStyle = Automatic;
						TestTargetID = 6357001B1DDA107900815B4A;
					};
				};
			};
			buildConfigurationList = 635700171DDA107900815B4A /* Build configuration list for PBXProject "Pruebas_Swift" */;
			compatibilityVersion = "Xcode 3.2";
			developmentRegion = English;
			hasScannedForEncodings = 0;
			knownRegions = (
				en,
				Base,
			);
			mainGroup = 635700131DDA107900815B4A;
			productRefGroup = 6357001D1DDA107C00815B4A /* Products */;
			projectDirPath = "";
			projectRoot = "";
			targets = (
				6357001B1DDA107900815B4A /* Pruebas_Swift */,
				6357002F1DDA107C00815B4A /* Pruebas_SwiftTests */,
				6357003A1DDA107C00815B4A /* Pruebas_SwiftUITests */,
			);
		};
/* End PBXProject section */

/* Begin PBXResourcesBuildPhase section */
		6357001A1DDA107900815B4A /* Resources */ = {
			isa = PBXResourcesBuildPhase;
			buildActionMask = 2147483647;
			files = (
				6357002A1DDA107C00815B4A /* LaunchScreen.storyboard in Resources */,
				635700271DDA107C00815B4A /* Assets.xcassets in Resources */,
				635700251DDA107C00815B4A /* Main.storyboard in Resources */,
			);
			runOnlyForDeploymentPostprocessing = 0;
		};
		6357002E1DDA107C00815B4A /* Resources */ = {
			isa = PBXResourcesBuildPhase;
			buildActionMask = 2147483647;
			files = (
			);
			runOnlyForDeploymentPostprocessing = 0;
		};
		635700391DDA107C00815B4A /* Resources */ = {
			isa = PBXResourcesBuildPhase;
			buildActionMask = 2147483647;
			files = (
			);
			runOnlyForDeploymentPostprocessing = 0;
		};
/* End PBXResourcesBuildPhase section */

/* Begin PBXSourcesBuildPhase section */
		635700181DDA107900815B4A /* Sources */ = {
			isa = PBXSourcesBuildPhase;
			buildActionMask = 2147483647;
			files = (
				635700221DDA107C00815B4A /* ViewController.swift in Sources */,
				635700201DDA107C00815B4A /* AppDelegate.swift in Sources */,
			);
			runOnlyForDeploymentPostprocessing = 0;
		};
		6357002C1DDA107C00815B4A /* Sources */ = {
			isa = PBXSourcesBuildPhase;
			buildActionMask = 2147483647;
			files = (
				635700351DDA107C00815B4A /* Pruebas_SwiftTests.swift in Sources */,
			);
			runOnlyForDeploymentPostprocessing = 0;
		};
		635700371DDA107C00815B4A /* Sources */ = {
			isa = PBXSourcesBuildPhase;
			buildActionMask = 2147483647;
			files = (
				635700401DDA107C00815B4A /* Pruebas_SwiftUITests.swift in Sources */,
			);
			runOnlyForDeploymentPostprocessing = 0;
		};
/* End PBXSourcesBuildPhase section */

/* Begin PBXTargetDependency section */
		635700321DDA107C00815B4A /* PBXTargetDependency */ = {
			isa = PBXTargetDependency;
			target = 6357001B1DDA107900815B4A /* Pruebas_Swift */;
			targetProxy = 635700311DDA107C00815B4A /* PBXContainerItemProxy */;
		};
		6357003D1DDA107C00815B4A /* PBXTargetDependency */ = {
			isa = PBXTargetDependency;
			target = 6357001B1DDA107900815B4A /* Pruebas_Swift */;
			targetProxy = 6357003C1DDA107C00815B4A /* PBXContainerItemProxy */;
		};
/* End PBXTargetDependency section */

/* Begin PBXVariantGroup section */
		635700231DDA107C00815B4A /* Main.storyboard */ = {
			isa = PBXVariantGroup;
			children = (
				635700241DDA107C00815B4A /* Base */,
			);
			name = Main.storyboard;
			sourceTree = "<group>";
		};
		635700281DDA107C00815B4A /* LaunchScreen.storyboard */ = {
			isa = PBXVariantGroup;
			children = (
				635700291DDA107C00815B4A /* Base */,
			);
			name = LaunchScreen.storyboard;
			sourceTree = "<group>";
		};
/* End PBXVariantGroup section */

/* Begin XCBuildConfiguration section */
		635700421DDA107C00815B4A /* Debug */ = {
			isa = XCBuildConfiguration;
			buildSettings = {
				ALWAYS_SEARCH_USER_PATHS = NO;
				CLANG_ANALYZER_NONNULL = YES;
				CLANG_CXX_LANGUAGE_STANDARD = "gnu++0x";
				CLANG_CXX_LIBRARY = "libc++";
				CLANG_ENABLE_MODULES = YES;
				CLANG_ENABLE_OBJC_ARC = YES;
				CLANG_WARN_BOOL_CONVERSION = YES;
				CLANG_WARN_CONSTANT_CONVERSION = YES;
				CLANG_WARN_DIRECT_OBJC_ISA_USAGE = YES_ERROR;
				CLANG_WARN_DOCUMENTATION_COMMENTS = YES;
				CLANG_WARN_EMPTY_BODY = YES;
				CLANG_WARN_ENUM_CONVERSION = YES;
				CLANG_WARN_INFINITE_RECURSION = YES;
				CLANG_WARN_INT_CONVERSION = YES;
				CLANG_WARN_OBJC_ROOT_CLASS = YES_ERROR;
				CLANG_WARN_SUSPICIOUS_MOVES = YES;
				CLANG_WARN_UNREACHABLE_CODE = YES;
				CLANG_WARN__DUPLICATE_METHOD_MATCH = YES;
				"CODE_SIGN_IDENTITY[sdk=iphoneos*]" = "iPhone Developer";
				COPY_PHASE_STRIP = NO;
				DEBUG_INFORMATION_FORMAT = dwarf;
				ENABLE_STRICT_OBJC_MSGSEND = YES;
				ENABLE_TESTABILITY = YES;
				GCC_C_LANGUAGE_STANDARD = gnu99;
				GCC_DYNAMIC_NO_PIC = NO;
				GCC_NO_COMMON_BLOCKS = YES;
				GCC_OPTIMIZATION_LEVEL = 0;
				GCC_PREPROCESSOR_DEFINITIONS = (
					"DEBUG=1",
					"$(inherited)",
				);
				GCC_WARN_64_TO_32_BIT_CONVERSION = YES;
				GCC_WARN_ABOUT_RETURN_TYPE = YES_ERROR;
				GCC_WARN_UNDECLARED_SELECTOR = YES;
				GCC_WARN_UNINITIALIZED_AUTOS = YES_AGGRESSIVE;
				GCC_WARN_UNUSED_FUNCTION = YES;
				GCC_WARN_UNUSED_VARIABLE = YES;
				IPHONEOS_DEPLOYMENT_TARGET = 10.1;
				MTL_ENABLE_DEBUG_INFO = YES;
				ONLY_ACTIVE_ARCH = YES;
				SDKROOT = iphoneos;
				SWIFT_ACTIVE_COMPILATION_CONDITIONS = DEBUG;
				SWIFT_OPTIMIZATION_LEVEL = "-Onone";
				TARGETED_DEVICE_FAMILY = "1,2";
			};
			name = Debug;
		};
		635700431DDA107C00815B4A /* Release */ = {
			isa = XCBuildConfiguration;
			buildSettings = {
				ALWAYS_SEARCH_USER_PATHS = NO;
				CLANG_ANALYZER_NONNULL = YES;
				CLANG_CXX_LANGUAGE_STANDARD = "gnu++0x";
				CLANG_CXX_LIBRARY = "libc++";
				CLANG_ENABLE_MODULES = YES;
				CLANG_ENABLE_OBJC_ARC = YES;
				CLANG_WARN_BOOL_CONVERSION = YES;
				CLANG_WARN_CONSTANT_CONVERSION = YES;
				CLANG_WARN_DIRECT_OBJC_ISA_USAGE = YES_ERROR;
				CLANG_WARN_DOCUMENTATION_COMMENTS = YES;
				CLANG_WARN_EMPTY_BODY = YES;
				CLANG_WARN_ENUM_CONVERSION = YES;
				CLANG_WARN_INFINITE_RECURSION = YES;
				CLANG_WARN_INT_CONVERSION = YES;
				CLANG_WARN_OBJC_ROOT_CLASS = YES_ERROR;
				CLANG_WARN_SUSPICIOUS_MOVES = YES;
				CLANG_WARN_UNREACHABLE_CODE = YES;
				CLANG_WARN__DUPLICATE_METHOD_MATCH = YES;
				"CODE_SIGN_IDENTITY[sdk=iphoneos*]" = "iPhone Developer";
				COPY_PHASE_STRIP = NO;
				DEBUG_INFORMATION_FORMAT = "dwarf-with-dsym";
				ENABLE_NS_ASSERTIONS = NO;
				ENABLE_STRICT_OBJC_MSGSEND = YES;
				GCC_C_LANGUAGE_STANDARD = gnu99;
				GCC_NO_COMMON_BLOCKS = YES;
				GCC_WARN_64_TO_32_BIT_CONVERSION = YES;
				GCC_WARN_ABOUT_RETURN_TYPE = YES_ERROR;
				GCC_WARN_UNDECLARED_SELECTOR = YES;
				GCC_WARN_UNINITIALIZED_AUTOS = YES_AGGRESSIVE;
				GCC_WARN_UNUSED_FUNCTION = YES;
				GCC_WARN_UNUSED_VARIABLE = YES;
				IPHONEOS_DEPLOYMENT_TARGET = 10.1;
				MTL_ENABLE_DEBUG_INFO = NO;
				SDKROOT = iphoneos;
				SWIFT_OPTIMIZATION_LEVEL = "-Owholemodule";
				TARGETED_DEVICE_FAMILY = "1,2";
				VALIDATE_PRODUCT = YES;
			};
			name = Release;
		};
		635700451DDA107C00815B4A /* Debug */ = {
			isa = XCBuildConfiguration;
			buildSettings = {
				ASSETCATALOG_COMPILER_APPICON_NAME = AppIcon;
				INFOPLIST_FILE = Pruebas_Swift/Info.plist;
				LD_RUNPATH_SEARCH_PATHS = "$(inherited) @executable_path/Frameworks";
				PRODUCT_BUNDLE_IDENTIFIER = "com.david.amador.Pruebas-Swift";
				PRODUCT_NAME = "$(TARGET_NAME)";
				SWIFT_VERSION = 3.0;
			};
			name = Debug;
		};
		635700461DDA107C00815B4A /* Release */ = {
			isa = XCBuildConfiguration;
			buildSettings = {
				ASSETCATALOG_COMPILER_APPICON_NAME = AppIcon;
				INFOPLIST_FILE = Pruebas_Swift/Info.plist;
				LD_RUNPATH_SEARCH_PATHS = "$(inherited) @executable_path/Frameworks";
				PRODUCT_BUNDLE_IDENTIFIER = "com.david.amador.Pruebas-Swift";
				PRODUCT_NAME = "$(TARGET_NAME)";
				SWIFT_VERSION = 3.0;
			};
			name = Release;
		};
		635700481DDA107C00815B4A /* Debug */ = {
			isa = XCBuildConfiguration;
			buildSettings = {
				ALWAYS_EMBED_SWIFT_STANDARD_LIBRARIES = YES;
				BUNDLE_LOADER = "$(TEST_HOST)";
				INFOPLIST_FILE = Pruebas_SwiftTests/Info.plist;
				LD_RUNPATH_SEARCH_PATHS = "$(inherited) @executable_path/Frameworks @loader_path/Frameworks";
				PRODUCT_BUNDLE_IDENTIFIER = "com.david.amador.Pruebas-SwiftTests";
				PRODUCT_NAME = "$(TARGET_NAME)";
				SWIFT_VERSION = 3.0;
				TEST_HOST = "$(BUILT_PRODUCTS_DIR)/Pruebas_Swift.app/Pruebas_Swift";
			};
			name = Debug;
		};
		635700491DDA107C00815B4A /* Release */ = {
			isa = XCBuildConfiguration;
			buildSettings = {
				ALWAYS_EMBED_SWIFT_STANDARD_LIBRARIES = YES;
				BUNDLE_LOADER = "$(TEST_HOST)";
				INFOPLIST_FILE = Pruebas_SwiftTests/Info.plist;
				LD_RUNPATH_SEARCH_PATHS = "$(inherited) @executable_path/Frameworks @loader_path/Frameworks";
				PRODUCT_BUNDLE_IDENTIFIER = "com.david.amador.Pruebas-SwiftTests";
				PRODUCT_NAME = "$(TARGET_NAME)";
				SWIFT_VERSION = 3.0;
				TEST_HOST = "$(BUILT_PRODUCTS_DIR)/Pruebas_Swift.app/Pruebas_Swift";
			};
			name = Release;
		};
		6357004B1DDA107C00815B4A /* Debug */ = {
			isa = XCBuildConfiguration;
			buildSettings = {
				ALWAYS_EMBED_SWIFT_STANDARD_LIBRARIES = YES;
				INFOPLIST_FILE = Pruebas_SwiftUITests/Info.plist;
				LD_RUNPATH_SEARCH_PATHS = "$(inherited) @executable_path/Frameworks @loader_path/Frameworks";
				PRODUCT_BUNDLE_IDENTIFIER = "com.david.amador.Pruebas-SwiftUITests";
				PRODUCT_NAME = "$(TARGET_NAME)";
				SWIFT_VERSION = 3.0;
				TEST_TARGET_NAME = Pruebas_Swift;
			};
			name = Debug;
		};
		6357004C1DDA107C00815B4A /* Release */ = {
			isa = XCBuildConfiguration;
			buildSettings = {
				ALWAYS_EMBED_SWIFT_STANDARD_LIBRARIES = YES;
				INFOPLIST_FILE = Pruebas_SwiftUITests/Info.plist;
				LD_RUNPATH_SEARCH_PATHS = "$(inherited) @executable_path/Frameworks @loader_path/Frameworks";
				PRODUCT_BUNDLE_IDENTIFIER = "com.david.amador.Pruebas-SwiftUITests";
				PRODUCT_NAME = "$(TARGET_NAME)";
				SWIFT_VERSION = 3.0;
				TEST_TARGET_NAME = Pruebas_Swift;
			};
			name = Release;
		};
/* End XCBuildConfiguration section */

/* Begin XCConfigurationList section */
		635700171DDA107900815B4A /* Build configuration list for PBXProject "Pruebas_Swift" */ = {
			isa = XCConfigurationList;
			buildConfigurations = (
				635700421DDA107C00815B4A /* Debug */,
				635700431DDA107C00815B4A /* Release */,
			);
			defaultConfigurationIsVisible = 0;
			defaultConfigurationName = Release;
		};
		635700441DDA107C00815B4A /* Build configuration list for PBXNativeTarget "Pruebas_Swift" */ = {
			isa = XCConfigurationList;
			buildConfigurations = (
				635700451DDA107C00815B4A /* Debug */,
				635700461DDA107C00815B4A /* Release */,
			);
			defaultConfigurationIsVisible = 0;
		};
		635700471DDA107C00815B4A /* Build configuration list for PBXNativeTarget "Pruebas_SwiftTests" */ = {
			isa = XCConfigurationList;
			buildConfigurations = (
				635700481DDA107C00815B4A /* Debug */,
				635700491DDA107C00815B4A /* Release */,
			);
			defaultConfigurationIsVisible = 0;
		};
		6357004A1DDA107C00815B4A /* Build configuration list for PBXNativeTarget "Pruebas_SwiftUITests" */ = {
			isa = XCConfigurationList;
			buildConfigurations = (
				6357004B1DDA107C00815B4A /* Debug */,
				6357004C1DDA107C00815B4A /* Release */,
			);
			defaultConfigurationIsVisible = 0;
		};
/* End XCConfigurationList section */
	};
	rootObject = 635700141DDA107900815B4A /* Project object */;
}
